
Microsoft Visual Studio Solution File, Format Version 12.00
# Visual Studio 15
VisualStudioVersion = 15.0.26730.8
MinimumVisualStudioVersion = 10.0.40219.1
Project("{FAE04EC0-301F-11D3-BF4B-00C04F79EFBC}") = "ATM", "ATM\ATM.csproj", "{868C1C9E-14A6-475C-9383-D5455B2ACB66}"
EndProject
Global
	GlobalSection(SolutionConfigurationPlatforms) = preSolution
		Debug|Any CPU = Debug|Any CPU
		Release|Any CPU = Release|Any CPU
	EndGlobalSection
	GlobalSection(ProjectConfigurationPlatforms) = postSolution
		{868C1C9E-14A6-475C-9383-D5455B2ACB66}.Debug|Any CPU.ActiveCfg = Debug|Any CPU
		{868C1C9E-14A6-475C-9383-D5455B2ACB66}.Debug|Any CPU.Build.0 = Debug|Any CPU
		{868C1C9E-14A6-475C-9383-D5455B2ACB66}.Release|Any CPU.ActiveCfg = Release|Any CPU
		{868C1C9E-14A6-475C-9383-D5455B2ACB66}.Release|Any CPU.Build.0 = Release|Any CPU
	EndGlobalSection
	GlobalSection(SolutionProperties) = preSolution
		HideSolutionNode = FALSE
	EndGlobalSection
	GlobalSection(ExtensibilityGlobals) = postSolution
		SolutionGuid = {F62ADBB3-DBE8-40B8-BA70-E034CDE149FB}
	EndGlobalSection
EndGlobal
